
Microsoft Visual Studio Solution File, Format Version 12.00
# Visual Studio Version 17
VisualStudioVersion = 17.9.34622.214
MinimumVisualStudioVersion = 10.0.40219.1
Project("{FAE04EC0-301F-11D3-BF4B-00C04F79EFBC}") = "CashRegisterApp", "CashRegisterApp\CashRegisterApp.csproj", "{0A15E53C-4F5C-4CC0-BE47-1CF679809A24}"
EndProject
Project("{9A19103F-16F7-4668-BE54-9A1E7A4F7556}") = "CashRegisterAppTests", "CashRegisterAppTests\CashRegisterAppTests.csproj", "{132D48C4-1ACB-4092-8853-BDF25FF6350D}"
EndProject
Global
	GlobalSection(SolutionConfigurationPlatforms) = preSolution
		Debug|Any CPU = Debug|Any CPU
		Release|Any CPU = Release|Any CPU
	EndGlobalSection
	GlobalSection(ProjectConfigurationPlatforms) = postSolution
		{0A15E53C-4F5C-4CC0-BE47-1CF679809A24}.Debug|Any CPU.ActiveCfg = Debug|Any CPU
		{0A15E53C-4F5C-4CC0-BE47-1CF679809A24}.Debug|Any CPU.Build.0 = Debug|Any CPU
		{0A15E53C-4F5C-4CC0-BE47-1CF679809A24}.Release|Any CPU.ActiveCfg = Release|Any CPU
		{0A15E53C-4F5C-4CC0-BE47-1CF679809A24}.Release|Any CPU.Build.0 = Release|Any CPU
		{132D48C4-1ACB-4092-8853-BDF25FF6350D}.Debug|Any CPU.ActiveCfg = Debug|Any CPU
		{132D48C4-1ACB-4092-8853-BDF25FF6350D}.Debug|Any CPU.Build.0 = Debug|Any CPU
		{132D48C4-1ACB-4092-8853-BDF25FF6350D}.Release|Any CPU.ActiveCfg = Release|Any CPU
		{132D48C4-1ACB-4092-8853-BDF25FF6350D}.Release|Any CPU.Build.0 = Release|Any CPU
	EndGlobalSection
	GlobalSection(SolutionProperties) = preSolution
		HideSolutionNode = FALSE
	EndGlobalSection
	GlobalSection(ExtensibilityGlobals) = postSolution
		SolutionGuid = {293CCFC8-4591-4D16-872E-004244643141}
	EndGlobalSection
EndGlobal
